
Microsoft Visual Studio Solution File, Format Version 12.00
# Visual Studio Version 16
VisualStudioVersion = 16.0.30104.148
MinimumVisualStudioVersion = 10.0.40219.1
Project("{FAE04EC0-301F-11D3-BF4B-00C04F79EFBC}") = "InternetShowcase", "InternetShowcase\InternetShowcase.csproj", "{F86D4FC5-6CDE-495F-9EF9-E407B70AE4E6}"
EndProject
Global
	GlobalSection(SolutionConfigurationPlatforms) = preSolution
		Debug|Any CPU = Debug|Any CPU
		Release|Any CPU = Release|Any CPU
	EndGlobalSection
	GlobalSection(ProjectConfigurationPlatforms) = postSolution
		{F86D4FC5-6CDE-495F-9EF9-E407B70AE4E6}.Debug|Any CPU.ActiveCfg = Debug|Any CPU
		{F86D4FC5-6CDE-495F-9EF9-E407B70AE4E6}.Debug|Any CPU.Build.0 = Debug|Any CPU
		{F86D4FC5-6CDE-495F-9EF9-E407B70AE4E6}.Release|Any CPU.ActiveCfg = Release|Any CPU
		{F86D4FC5-6CDE-495F-9EF9-E407B70AE4E6}.Release|Any CPU.Build.0 = Release|Any CPU
	EndGlobalSection
	GlobalSection(SolutionProperties) = preSolution
		HideSolutionNode = FALSE
	EndGlobalSection
	GlobalSection(ExtensibilityGlobals) = postSolution
		SolutionGuid = {64A7640B-0CA2-4138-9ED5-239918D02108}
	EndGlobalSection
EndGlobal
